
Microsoft Visual Studio Solution File, Format Version 11.00
# Visual Studio 2010
Project("{FAE04EC0-301F-11D3-BF4B-00C04F79EFBC}") = "TalkBack", "TalkBack\TalkBack.csproj", "{6957C710-287C-46D6-9898-6C17DDB7DFA8}"
EndProject
Global
	GlobalSection(SolutionConfigurationPlatforms) = preSolution
		Debug|Any CPU = Debug|Any CPU
		Release|Any CPU = Release|Any CPU
	EndGlobalSection
	GlobalSection(ProjectConfigurationPlatforms) = postSolution
		{6957C710-287C-46D6-9898-6C17DDB7DFA8}.Debug|Any CPU.ActiveCfg = Debug|Any CPU
		{6957C710-287C-46D6-9898-6C17DDB7DFA8}.Debug|Any CPU.Build.0 = Debug|Any CPU
		{6957C710-287C-46D6-9898-6C17DDB7DFA8}.Release|Any CPU.ActiveCfg = Release|Any CPU
		{6957C710-287C-46D6-9898-6C17DDB7DFA8}.Release|Any CPU.Build.0 = Release|Any CPU
	EndGlobalSection
	GlobalSection(SolutionProperties) = preSolution
		HideSolutionNode = FALSE
	EndGlobalSection
EndGlobal
